
Microsoft Visual Studio Solution File, Format Version 12.00
# Visual Studio 14
VisualStudioVersion = 14.0.23107.0
MinimumVisualStudioVersion = 10.0.40219.1
Project("{FAE04EC0-301F-11D3-BF4B-00C04F79EFBC}") = "ArxSMSControl", "ArxSMSControl\ArxSMSControl.csproj", "{B8857D0F-F378-479D-896D-AA80C08C9C0E}"
EndProject
Project("{FAE04EC0-301F-11D3-BF4B-00C04F79EFBC}") = "ArxSMSSend", "ArxSMSSend\ArxSMSSend.csproj", "{471EEE12-D2F2-47C8-ABAD-DBDDB19C20E2}"
EndProject
Project("{FAE04EC0-301F-11D3-BF4B-00C04F79EFBC}") = "ArxSMSConfig", "ArxSMSConfig\ArxSMSConfig.csproj", "{6E477A08-4A9C-4D8A-A76B-55677A7513DB}"
EndProject
Global
	GlobalSection(SolutionConfigurationPlatforms) = preSolution
		Debug|Any CPU = Debug|Any CPU
		Release|Any CPU = Release|Any CPU
	EndGlobalSection
	GlobalSection(ProjectConfigurationPlatforms) = postSolution
		{B8857D0F-F378-479D-896D-AA80C08C9C0E}.Debug|Any CPU.ActiveCfg = Debug|Any CPU
		{B8857D0F-F378-479D-896D-AA80C08C9C0E}.Debug|Any CPU.Build.0 = Debug|Any CPU
		{B8857D0F-F378-479D-896D-AA80C08C9C0E}.Release|Any CPU.ActiveCfg = Release|Any CPU
		{B8857D0F-F378-479D-896D-AA80C08C9C0E}.Release|Any CPU.Build.0 = Release|Any CPU
		{471EEE12-D2F2-47C8-ABAD-DBDDB19C20E2}.Debug|Any CPU.ActiveCfg = Debug|Any CPU
		{471EEE12-D2F2-47C8-ABAD-DBDDB19C20E2}.Debug|Any CPU.Build.0 = Debug|Any CPU
		{471EEE12-D2F2-47C8-ABAD-DBDDB19C20E2}.Release|Any CPU.ActiveCfg = Release|Any CPU
		{471EEE12-D2F2-47C8-ABAD-DBDDB19C20E2}.Release|Any CPU.Build.0 = Release|Any CPU
		{6E477A08-4A9C-4D8A-A76B-55677A7513DB}.Debug|Any CPU.ActiveCfg = Debug|Any CPU
		{6E477A08-4A9C-4D8A-A76B-55677A7513DB}.Debug|Any CPU.Build.0 = Debug|Any CPU
		{6E477A08-4A9C-4D8A-A76B-55677A7513DB}.Release|Any CPU.ActiveCfg = Release|Any CPU
		{6E477A08-4A9C-4D8A-A76B-55677A7513DB}.Release|Any CPU.Build.0 = Release|Any CPU
	EndGlobalSection
	GlobalSection(SolutionProperties) = preSolution
		HideSolutionNode = FALSE
	EndGlobalSection
EndGlobal
